
Microsoft Visual Studio Solution File, Format Version 12.00
# Visual Studio 2012
Project("{FAE04EC0-301F-11D3-BF4B-00C04F79EFBC}") = "SportsStore.Domain", "SportsStore.Domain\SportsStore.Domain.csproj", "{C52067AE-8218-489D-99BB-9DD75462185B}"
EndProject
Project("{FAE04EC0-301F-11D3-BF4B-00C04F79EFBC}") = "SportsStore.UnitTests", "SportsStore.UnitTests\SportsStore.UnitTests.csproj", "{91C1BB02-B7A7-4259-AD08-2BABD008F968}"
EndProject
Project("{FAE04EC0-301F-11D3-BF4B-00C04F79EFBC}") = "SportsStore.WebUI", "SportsStore.WebUI\SportsStore.WebUI.csproj", "{AF08275C-4CEB-466D-8756-8C3190B65650}"
EndProject
Global
	GlobalSection(SolutionConfigurationPlatforms) = preSolution
		Debug|Any CPU = Debug|Any CPU
		Release|Any CPU = Release|Any CPU
	EndGlobalSection
	GlobalSection(ProjectConfigurationPlatforms) = postSolution
		{C52067AE-8218-489D-99BB-9DD75462185B}.Debug|Any CPU.ActiveCfg = Debug|Any CPU
		{C52067AE-8218-489D-99BB-9DD75462185B}.Debug|Any CPU.Build.0 = Debug|Any CPU
		{C52067AE-8218-489D-99BB-9DD75462185B}.Release|Any CPU.ActiveCfg = Release|Any CPU
		{C52067AE-8218-489D-99BB-9DD75462185B}.Release|Any CPU.Build.0 = Release|Any CPU
		{91C1BB02-B7A7-4259-AD08-2BABD008F968}.Debug|Any CPU.ActiveCfg = Debug|Any CPU
		{91C1BB02-B7A7-4259-AD08-2BABD008F968}.Debug|Any CPU.Build.0 = Debug|Any CPU
		{91C1BB02-B7A7-4259-AD08-2BABD008F968}.Release|Any CPU.ActiveCfg = Release|Any CPU
		{91C1BB02-B7A7-4259-AD08-2BABD008F968}.Release|Any CPU.Build.0 = Release|Any CPU
		{AF08275C-4CEB-466D-8756-8C3190B65650}.Debug|Any CPU.ActiveCfg = Debug|Any CPU
		{AF08275C-4CEB-466D-8756-8C3190B65650}.Debug|Any CPU.Build.0 = Debug|Any CPU
		{AF08275C-4CEB-466D-8756-8C3190B65650}.Release|Any CPU.ActiveCfg = Release|Any CPU
		{AF08275C-4CEB-466D-8756-8C3190B65650}.Release|Any CPU.Build.0 = Release|Any CPU
	EndGlobalSection
	GlobalSection(SolutionProperties) = preSolution
		HideSolutionNode = FALSE
	EndGlobalSection
EndGlobal
